
Microsoft Visual Studio Solution File, Format Version 12.00
# Visual Studio 14
VisualStudioVersion = 14.0.25420.1
MinimumVisualStudioVersion = 10.0.40219.1
Project("{FAE04EC0-301F-11D3-BF4B-00C04F79EFBC}") = "ABServer", "ABServer\ABServer.csproj", "{B9A7F664-1E6C-4606-8FC4-2FFC99707E17}"
EndProject
Project("{FAE04EC0-301F-11D3-BF4B-00C04F79EFBC}") = "xNet", "xNet-master\xNet.csproj", "{5D25D06E-0D35-42EF-BBA2-D5DE6E06CD04}"
EndProject
Project("{FAE04EC0-301F-11D3-BF4B-00C04F79EFBC}") = "ABClient", "ABClient\ABClient.csproj", "{A71A4379-5764-46B8-A510-7D12E88424AF}"
EndProject
Project("{FAE04EC0-301F-11D3-BF4B-00C04F79EFBC}") = "ABShared", "ABShared\ABShared.csproj", "{150A7097-0687-42EB-BF8E-B772735F8CEE}"
EndProject
Project("{FAE04EC0-301F-11D3-BF4B-00C04F79EFBC}") = "Updater", "Updater\Updater.csproj", "{44ED2F07-1B4D-4AE0-9F8A-C655D6520BCC}"
EndProject
Project("{FAE04EC0-301F-11D3-BF4B-00C04F79EFBC}") = "DeployLeader", "DeployLeader\DeployLeader.csproj", "{535F1E03-1DB0-496D-A519-02FFB9D54B88}"
EndProject
Project("{FAE04EC0-301F-11D3-BF4B-00C04F79EFBC}") = "ProxyChecker", "ProxyChecker\ProxyChecker.csproj", "{9D2A2D93-1379-4941-A8C2-83158108F81B}"
EndProject
Project("{FAE04EC0-301F-11D3-BF4B-00C04F79EFBC}") = "SportBase.Editor", "SportBase.Editor\SportBase.Editor.csproj", "{43045AC6-9132-423A-8A9F-4EDD6716C5C6}"
EndProject
Project("{FAE04EC0-301F-11D3-BF4B-00C04F79EFBC}") = "EditMaps", "EditMaps\EditMaps.csproj", "{1E1A718E-0BE0-47B6-AC95-71E93E9DA986}"
EndProject
Project("{FAE04EC0-301F-11D3-BF4B-00C04F79EFBC}") = "StaticData.Shared", "StaticData.Shared\StaticData.Shared.csproj", "{4FB6E0ED-1F98-415D-8260-1EA1B4E3669E}"
EndProject
Project("{FAE04EC0-301F-11D3-BF4B-00C04F79EFBC}") = "StaticData", "StaticData\StaticData.csproj", "{9B1E6BA4-DFB6-43E2-ADD9-2644B3004881}"
EndProject
Global
	GlobalSection(SolutionConfigurationPlatforms) = preSolution
		Debug|Any CPU = Debug|Any CPU
		Debug|x86 = Debug|x86
		Release|Any CPU = Release|Any CPU
		Release|x86 = Release|x86
	EndGlobalSection
	GlobalSection(ProjectConfigurationPlatforms) = postSolution
		{B9A7F664-1E6C-4606-8FC4-2FFC99707E17}.Debug|Any CPU.ActiveCfg = Debug|Any CPU
		{B9A7F664-1E6C-4606-8FC4-2FFC99707E17}.Debug|Any CPU.Build.0 = Debug|Any CPU
		{B9A7F664-1E6C-4606-8FC4-2FFC99707E17}.Debug|x86.ActiveCfg = Debug|x86
		{B9A7F664-1E6C-4606-8FC4-2FFC99707E17}.Debug|x86.Build.0 = Debug|x86
		{B9A7F664-1E6C-4606-8FC4-2FFC99707E17}.Release|Any CPU.ActiveCfg = Release|Any CPU
		{B9A7F664-1E6C-4606-8FC4-2FFC99707E17}.Release|Any CPU.Build.0 = Release|Any CPU
		{B9A7F664-1E6C-4606-8FC4-2FFC99707E17}.Release|x86.ActiveCfg = Release|x86
		{B9A7F664-1E6C-4606-8FC4-2FFC99707E17}.Release|x86.Build.0 = Release|x86
		{5D25D06E-0D35-42EF-BBA2-D5DE6E06CD04}.Debug|Any CPU.ActiveCfg = Debug|x86
		{5D25D06E-0D35-42EF-BBA2-D5DE6E06CD04}.Debug|Any CPU.Build.0 = Debug|x86
		{5D25D06E-0D35-42EF-BBA2-D5DE6E06CD04}.Debug|x86.ActiveCfg = Debug|x86
		{5D25D06E-0D35-42EF-BBA2-D5DE6E06CD04}.Debug|x86.Build.0 = Debug|x86
		{5D25D06E-0D35-42EF-BBA2-D5DE6E06CD04}.Release|Any CPU.ActiveCfg = Release|x86
		{5D25D06E-0D35-42EF-BBA2-D5DE6E06CD04}.Release|Any CPU.Build.0 = Release|x86
		{5D25D06E-0D35-42EF-BBA2-D5DE6E06CD04}.Release|x86.ActiveCfg = Release|x86
		{5D25D06E-0D35-42EF-BBA2-D5DE6E06CD04}.Release|x86.Build.0 = Release|x86
		{A71A4379-5764-46B8-A510-7D12E88424AF}.Debug|Any CPU.ActiveCfg = Debug|x86
		{A71A4379-5764-46B8-A510-7D12E88424AF}.Debug|Any CPU.Build.0 = Debug|x86
		{A71A4379-5764-46B8-A510-7D12E88424AF}.Debug|x86.ActiveCfg = Debug|x86
		{A71A4379-5764-46B8-A510-7D12E88424AF}.Debug|x86.Build.0 = Debug|x86
		{A71A4379-5764-46B8-A510-7D12E88424AF}.Release|Any CPU.ActiveCfg = Release|x86
		{A71A4379-5764-46B8-A510-7D12E88424AF}.Release|Any CPU.Build.0 = Release|x86
		{A71A4379-5764-46B8-A510-7D12E88424AF}.Release|x86.ActiveCfg = Release|x86
		{A71A4379-5764-46B8-A510-7D12E88424AF}.Release|x86.Build.0 = Release|x86
		{150A7097-0687-42EB-BF8E-B772735F8CEE}.Debug|Any CPU.ActiveCfg = Debug|x86
		{150A7097-0687-42EB-BF8E-B772735F8CEE}.Debug|Any CPU.Build.0 = Debug|x86
		{150A7097-0687-42EB-BF8E-B772735F8CEE}.Debug|x86.ActiveCfg = Debug|x86
		{150A7097-0687-42EB-BF8E-B772735F8CEE}.Debug|x86.Build.0 = Debug|x86
		{150A7097-0687-42EB-BF8E-B772735F8CEE}.Release|Any CPU.ActiveCfg = Release|x86
		{150A7097-0687-42EB-BF8E-B772735F8CEE}.Release|Any CPU.Build.0 = Release|x86
		{150A7097-0687-42EB-BF8E-B772735F8CEE}.Release|x86.ActiveCfg = Release|x86
		{150A7097-0687-42EB-BF8E-B772735F8CEE}.Release|x86.Build.0 = Release|x86
		{44ED2F07-1B4D-4AE0-9F8A-C655D6520BCC}.Debug|Any CPU.ActiveCfg = Debug|Any CPU
		{44ED2F07-1B4D-4AE0-9F8A-C655D6520BCC}.Debug|Any CPU.Build.0 = Debug|Any CPU
		{44ED2F07-1B4D-4AE0-9F8A-C655D6520BCC}.Debug|x86.ActiveCfg = Debug|Any CPU
		{44ED2F07-1B4D-4AE0-9F8A-C655D6520BCC}.Debug|x86.Build.0 = Debug|Any CPU
		{44ED2F07-1B4D-4AE0-9F8A-C655D6520BCC}.Release|Any CPU.ActiveCfg = Release|Any CPU
		{44ED2F07-1B4D-4AE0-9F8A-C655D6520BCC}.Release|Any CPU.Build.0 = Release|Any CPU
		{44ED2F07-1B4D-4AE0-9F8A-C655D6520BCC}.Release|x86.ActiveCfg = Release|Any CPU
		{44ED2F07-1B4D-4AE0-9F8A-C655D6520BCC}.Release|x86.Build.0 = Release|Any CPU
		{535F1E03-1DB0-496D-A519-02FFB9D54B88}.Debug|Any CPU.ActiveCfg = Debug|Any CPU
		{535F1E03-1DB0-496D-A519-02FFB9D54B88}.Debug|Any CPU.Build.0 = Debug|Any CPU
		{535F1E03-1DB0-496D-A519-02FFB9D54B88}.Debug|x86.ActiveCfg = Debug|Any CPU
		{535F1E03-1DB0-496D-A519-02FFB9D54B88}.Debug|x86.Build.0 = Debug|Any CPU
		{535F1E03-1DB0-496D-A519-02FFB9D54B88}.Release|Any CPU.ActiveCfg = Release|Any CPU
		{535F1E03-1DB0-496D-A519-02FFB9D54B88}.Release|Any CPU.Build.0 = Release|Any CPU
		{535F1E03-1DB0-496D-A519-02FFB9D54B88}.Release|x86.ActiveCfg = Release|Any CPU
		{535F1E03-1DB0-496D-A519-02FFB9D54B88}.Release|x86.Build.0 = Release|Any CPU
		{9D2A2D93-1379-4941-A8C2-83158108F81B}.Debug|Any CPU.ActiveCfg = Debug|Any CPU
		{9D2A2D93-1379-4941-A8C2-83158108F81B}.Debug|Any CPU.Build.0 = Debug|Any CPU
		{9D2A2D93-1379-4941-A8C2-83158108F81B}.Debug|x86.ActiveCfg = Debug|Any CPU
		{9D2A2D93-1379-4941-A8C2-83158108F81B}.Debug|x86.Build.0 = Debug|Any CPU
		{9D2A2D93-1379-4941-A8C2-83158108F81B}.Release|Any CPU.ActiveCfg = Release|Any CPU
		{9D2A2D93-1379-4941-A8C2-83158108F81B}.Release|Any CPU.Build.0 = Release|Any CPU
		{9D2A2D93-1379-4941-A8C2-83158108F81B}.Release|x86.ActiveCfg = Release|Any CPU
		{9D2A2D93-1379-4941-A8C2-83158108F81B}.Release|x86.Build.0 = Release|Any CPU
		{43045AC6-9132-423A-8A9F-4EDD6716C5C6}.Debug|Any CPU.ActiveCfg = Debug|Any CPU
		{43045AC6-9132-423A-8A9F-4EDD6716C5C6}.Debug|Any CPU.Build.0 = Debug|Any CPU
		{43045AC6-9132-423A-8A9F-4EDD6716C5C6}.Debug|x86.ActiveCfg = Debug|Any CPU
		{43045AC6-9132-423A-8A9F-4EDD6716C5C6}.Debug|x86.Build.0 = Debug|Any CPU
		{43045AC6-9132-423A-8A9F-4EDD6716C5C6}.Release|Any CPU.ActiveCfg = Release|Any CPU
		{43045AC6-9132-423A-8A9F-4EDD6716C5C6}.Release|Any CPU.Build.0 = Release|Any CPU
		{43045AC6-9132-423A-8A9F-4EDD6716C5C6}.Release|x86.ActiveCfg = Release|Any CPU
		{43045AC6-9132-423A-8A9F-4EDD6716C5C6}.Release|x86.Build.0 = Release|Any CPU
		{1E1A718E-0BE0-47B6-AC95-71E93E9DA986}.Debug|Any CPU.ActiveCfg = Debug|Any CPU
		{1E1A718E-0BE0-47B6-AC95-71E93E9DA986}.Debug|Any CPU.Build.0 = Debug|Any CPU
		{1E1A718E-0BE0-47B6-AC95-71E93E9DA986}.Debug|x86.ActiveCfg = Debug|Any CPU
		{1E1A718E-0BE0-47B6-AC95-71E93E9DA986}.Debug|x86.Build.0 = Debug|Any CPU
		{1E1A718E-0BE0-47B6-AC95-71E93E9DA986}.Release|Any CPU.ActiveCfg = Release|Any CPU
		{1E1A718E-0BE0-47B6-AC95-71E93E9DA986}.Release|Any CPU.Build.0 = Release|Any CPU
		{1E1A718E-0BE0-47B6-AC95-71E93E9DA986}.Release|x86.ActiveCfg = Release|Any CPU
		{1E1A718E-0BE0-47B6-AC95-71E93E9DA986}.Release|x86.Build.0 = Release|Any CPU
		{4FB6E0ED-1F98-415D-8260-1EA1B4E3669E}.Debug|Any CPU.ActiveCfg = Debug|Any CPU
		{4FB6E0ED-1F98-415D-8260-1EA1B4E3669E}.Debug|Any CPU.Build.0 = Debug|Any CPU
		{4FB6E0ED-1F98-415D-8260-1EA1B4E3669E}.Debug|x86.ActiveCfg = Debug|Any CPU
		{4FB6E0ED-1F98-415D-8260-1EA1B4E3669E}.Debug|x86.Build.0 = Debug|Any CPU
		{4FB6E0ED-1F98-415D-8260-1EA1B4E3669E}.Release|Any CPU.ActiveCfg = Release|Any CPU
		{4FB6E0ED-1F98-415D-8260-1EA1B4E3669E}.Release|Any CPU.Build.0 = Release|Any CPU
		{4FB6E0ED-1F98-415D-8260-1EA1B4E3669E}.Release|x86.ActiveCfg = Release|Any CPU
		{4FB6E0ED-1F98-415D-8260-1EA1B4E3669E}.Release|x86.Build.0 = Release|Any CPU
		{9B1E6BA4-DFB6-43E2-ADD9-2644B3004881}.Debug|Any CPU.ActiveCfg = Debug|Any CPU
		{9B1E6BA4-DFB6-43E2-ADD9-2644B3004881}.Debug|Any CPU.Build.0 = Debug|Any CPU
		{9B1E6BA4-DFB6-43E2-ADD9-2644B3004881}.Debug|x86.ActiveCfg = Debug|Any CPU
		{9B1E6BA4-DFB6-43E2-ADD9-2644B3004881}.Debug|x86.Build.0 = Debug|Any CPU
		{9B1E6BA4-DFB6-43E2-ADD9-2644B3004881}.Release|Any CPU.ActiveCfg = Release|Any CPU
		{9B1E6BA4-DFB6-43E2-ADD9-2644B3004881}.Release|Any CPU.Build.0 = Release|Any CPU
		{9B1E6BA4-DFB6-43E2-ADD9-2644B3004881}.Release|x86.ActiveCfg = Release|Any CPU
		{9B1E6BA4-DFB6-43E2-ADD9-2644B3004881}.Release|x86.Build.0 = Release|Any CPU
	EndGlobalSection
	GlobalSection(SolutionProperties) = preSolution
		HideSolutionNode = FALSE
	EndGlobalSection
EndGlobal
